
Microsoft Visual Studio Solution File, Format Version 12.00
Project("{FAE04EC0-301F-11D3-BF4B-00C04F79EFBC}") = "auth-service", "auth-service.csproj", "{F4CB1E94-CAB5-4F8C-8CCD-C41DF127E8DC}"
EndProject
Global
	GlobalSection(SolutionConfigurationPlatforms) = preSolution
		Debug|Any CPU = Debug|Any CPU
		Release|Any CPU = Release|Any CPU
	EndGlobalSection
	GlobalSection(ProjectConfigurationPlatforms) = postSolution
		{F4CB1E94-CAB5-4F8C-8CCD-C41DF127E8DC}.Debug|Any CPU.ActiveCfg = Debug|Any CPU
		{F4CB1E94-CAB5-4F8C-8CCD-C41DF127E8DC}.Debug|Any CPU.Build.0 = Debug|Any CPU
		{F4CB1E94-CAB5-4F8C-8CCD-C41DF127E8DC}.Release|Any CPU.ActiveCfg = Release|Any CPU
		{F4CB1E94-CAB5-4F8C-8CCD-C41DF127E8DC}.Release|Any CPU.Build.0 = Release|Any CPU
	EndGlobalSection
EndGlobal
